
Microsoft Visual Studio Solution File, Format Version 12.00
# Visual Studio Version 17
VisualStudioVersion = 17.7.34031.279
MinimumVisualStudioVersion = 10.0.40219.1
Project("{FAE04EC0-301F-11D3-BF4B-00C04F79EFBC}") = "1Switch Statement", "1Switch Statement\1Switch Statement.csproj", "{74AC4727-B2C0-460E-BE93-DE1AFDC144B0}"
EndProject
Global
	GlobalSection(SolutionConfigurationPlatforms) = preSolution
		Debug|Any CPU = Debug|Any CPU
		Release|Any CPU = Release|Any CPU
	EndGlobalSection
	GlobalSection(ProjectConfigurationPlatforms) = postSolution
		{74AC4727-B2C0-460E-BE93-DE1AFDC144B0}.Debug|Any CPU.ActiveCfg = Debug|Any CPU
		{74AC4727-B2C0-460E-BE93-DE1AFDC144B0}.Debug|Any CPU.Build.0 = Debug|Any CPU
		{74AC4727-B2C0-460E-BE93-DE1AFDC144B0}.Release|Any CPU.ActiveCfg = Release|Any CPU
		{74AC4727-B2C0-460E-BE93-DE1AFDC144B0}.Release|Any CPU.Build.0 = Release|Any CPU
	EndGlobalSection
	GlobalSection(SolutionProperties) = preSolution
		HideSolutionNode = FALSE
	EndGlobalSection
	GlobalSection(ExtensibilityGlobals) = postSolution
		SolutionGuid = {1F571992-F3BB-483E-A3BB-39A90A9FDFBD}
	EndGlobalSection
EndGlobal
